
Microsoft Visual Studio Solution File, Format Version 12.00
# Visual Studio 15
VisualStudioVersion = 15.0.27703.2026
MinimumVisualStudioVersion = 10.0.40219.1
Project("{FAE04EC0-301F-11D3-BF4B-00C04F79EFBC}") = "WandD_nodate.Android", "WandD_nodate\WandD_nodate.Android\WandD_nodate.Android.csproj", "{BF37B68A-8303-4031-9A51-3EAEEBCAE69A}"
EndProject
Project("{FAE04EC0-301F-11D3-BF4B-00C04F79EFBC}") = "WandD_nodate.iOS", "WandD_nodate\WandD_nodate.iOS\WandD_nodate.iOS.csproj", "{2EE59A6D-10DB-48D5-8DB8-66A5BA3BA581}"
EndProject
Project("{FAE04EC0-301F-11D3-BF4B-00C04F79EFBC}") = "WandD_nodate.UWP", "WandD_nodate\WandD_nodate.UWP\WandD_nodate.UWP.csproj", "{CE337A78-DDD7-487F-A210-BDEE3D4FB3A6}"
EndProject
Project("{9A19103F-16F7-4668-BE54-9A1E7A4F7556}") = "WandD_nodate", "WandD_nodate\WandD_nodate\WandD_nodate.csproj", "{B93EF5D0-4023-45FE-A454-97C9C269C60F}"
EndProject
Global
	GlobalSection(SolutionConfigurationPlatforms) = preSolution
		Ad-Hoc|Any CPU = Ad-Hoc|Any CPU
		Ad-Hoc|ARM = Ad-Hoc|ARM
		Ad-Hoc|iPhone = Ad-Hoc|iPhone
		Ad-Hoc|iPhoneSimulator = Ad-Hoc|iPhoneSimulator
		Ad-Hoc|x64 = Ad-Hoc|x64
		Ad-Hoc|x86 = Ad-Hoc|x86
		AppStore|Any CPU = AppStore|Any CPU
		AppStore|ARM = AppStore|ARM
		AppStore|iPhone = AppStore|iPhone
		AppStore|iPhoneSimulator = AppStore|iPhoneSimulator
		AppStore|x64 = AppStore|x64
		AppStore|x86 = AppStore|x86
		Debug|Any CPU = Debug|Any CPU
		Debug|ARM = Debug|ARM
		Debug|iPhone = Debug|iPhone
		Debug|iPhoneSimulator = Debug|iPhoneSimulator
		Debug|x64 = Debug|x64
		Debug|x86 = Debug|x86
		Release|Any CPU = Release|Any CPU
		Release|ARM = Release|ARM
		Release|iPhone = Release|iPhone
		Release|iPhoneSimulator = Release|iPhoneSimulator
		Release|x64 = Release|x64
		Release|x86 = Release|x86
	EndGlobalSection
	GlobalSection(ProjectConfigurationPlatforms) = postSolution
		{BF37B68A-8303-4031-9A51-3EAEEBCAE69A}.Ad-Hoc|Any CPU.ActiveCfg = Release|Any CPU
		{BF37B68A-8303-4031-9A51-3EAEEBCAE69A}.Ad-Hoc|Any CPU.Build.0 = Release|Any CPU
		{BF37B68A-8303-4031-9A51-3EAEEBCAE69A}.Ad-Hoc|Any CPU.Deploy.0 = Release|Any CPU
		{BF37B68A-8303-4031-9A51-3EAEEBCAE69A}.Ad-Hoc|ARM.ActiveCfg = Release|Any CPU
		{BF37B68A-8303-4031-9A51-3EAEEBCAE69A}.Ad-Hoc|ARM.Build.0 = Release|Any CPU
		{BF37B68A-8303-4031-9A51-3EAEEBCAE69A}.Ad-Hoc|ARM.Deploy.0 = Release|Any CPU
		{BF37B68A-8303-4031-9A51-3EAEEBCAE69A}.Ad-Hoc|iPhone.ActiveCfg = Release|Any CPU
		{BF37B68A-8303-4031-9A51-3EAEEBCAE69A}.Ad-Hoc|iPhone.Build.0 = Release|Any CPU
		{BF37B68A-8303-4031-9A51-3EAEEBCAE69A}.Ad-Hoc|iPhone.Deploy.0 = Release|Any CPU
		{BF37B68A-8303-4031-9A51-3EAEEBCAE69A}.Ad-Hoc|iPhoneSimulator.ActiveCfg = Release|Any CPU
		{BF37B68A-8303-4031-9A51-3EAEEBCAE69A}.Ad-Hoc|iPhoneSimulator.Build.0 = Release|Any CPU
		{BF37B68A-8303-4031-9A51-3EAEEBCAE69A}.Ad-Hoc|iPhoneSimulator.Deploy.0 = Release|Any CPU
		{BF37B68A-8303-4031-9A51-3EAEEBCAE69A}.Ad-Hoc|x64.ActiveCfg = Release|Any CPU
		{BF37B68A-8303-4031-9A51-3EAEEBCAE69A}.Ad-Hoc|x64.Build.0 = Release|Any CPU
		{BF37B68A-8303-4031-9A51-3EAEEBCAE69A}.Ad-Hoc|x64.Deploy.0 = Release|Any CPU
		{BF37B68A-8303-4031-9A51-3EAEEBCAE69A}.Ad-Hoc|x86.ActiveCfg = Release|Any CPU
		{BF37B68A-8303-4031-9A51-3EAEEBCAE69A}.Ad-Hoc|x86.Build.0 = Release|Any CPU
		{BF37B68A-8303-4031-9A51-3EAEEBCAE69A}.Ad-Hoc|x86.Deploy.0 = Release|Any CPU
		{BF37B68A-8303-4031-9A51-3EAEEBCAE69A}.AppStore|Any CPU.ActiveCfg = Release|Any CPU
		{BF37B68A-8303-4031-9A51-3EAEEBCAE69A}.AppStore|Any CPU.Build.0 = Release|Any CPU
		{BF37B68A-8303-4031-9A51-3EAEEBCAE69A}.AppStore|Any CPU.Deploy.0 = Release|Any CPU
		{BF37B68A-8303-4031-9A51-3EAEEBCAE69A}.AppStore|ARM.ActiveCfg = Release|Any CPU
		{BF37B68A-8303-4031-9A51-3EAEEBCAE69A}.AppStore|ARM.Build.0 = Release|Any CPU
		{BF37B68A-8303-4031-9A51-3EAEEBCAE69A}.AppStore|ARM.Deploy.0 = Release|Any CPU
		{BF37B68A-8303-4031-9A51-3EAEEBCAE69A}.AppStore|iPhone.ActiveCfg = Release|Any CPU
		{BF37B68A-8303-4031-9A51-3EAEEBCAE69A}.AppStore|iPhone.Build.0 = Release|Any CPU
		{BF37B68A-8303-4031-9A51-3EAEEBCAE69A}.AppStore|iPhone.Deploy.0 = Release|Any CPU
		{BF37B68A-8303-4031-9A51-3EAEEBCAE69A}.AppStore|iPhoneSimulator.ActiveCfg = Release|Any CPU
		{BF37B68A-8303-4031-9A51-3EAEEBCAE69A}.AppStore|iPhoneSimulator.Build.0 = Release|Any CPU
		{BF37B68A-8303-4031-9A51-3EAEEBCAE69A}.AppStore|iPhoneSimulator.Deploy.0 = Release|Any CPU
		{BF37B68A-8303-4031-9A51-3EAEEBCAE69A}.AppStore|x64.ActiveCfg = Release|Any CPU
		{BF37B68A-8303-4031-9A51-3EAEEBCAE69A}.AppStore|x64.Build.0 = Release|Any CPU
		{BF37B68A-8303-4031-9A51-3EAEEBCAE69A}.AppStore|x64.Deploy.0 = Release|Any CPU
		{BF37B68A-8303-4031-9A51-3EAEEBCAE69A}.AppStore|x86.ActiveCfg = Release|Any CPU
		{BF37B68A-8303-4031-9A51-3EAEEBCAE69A}.AppStore|x86.Build.0 = Release|Any CPU
		{BF37B68A-8303-4031-9A51-3EAEEBCAE69A}.AppStore|x86.Deploy.0 = Release|Any CPU
		{BF37B68A-8303-4031-9A51-3EAEEBCAE69A}.Debug|Any CPU.ActiveCfg = Debug|Any CPU
		{BF37B68A-8303-4031-9A51-3EAEEBCAE69A}.Debug|Any CPU.Build.0 = Debug|Any CPU
		{BF37B68A-8303-4031-9A51-3EAEEBCAE69A}.Debug|Any CPU.Deploy.0 = Debug|Any CPU
		{BF37B68A-8303-4031-9A51-3EAEEBCAE69A}.Debug|ARM.ActiveCfg = Debug|Any CPU
		{BF37B68A-8303-4031-9A51-3EAEEBCAE69A}.Debug|ARM.Build.0 = Debug|Any CPU
		{BF37B68A-8303-4031-9A51-3EAEEBCAE69A}.Debug|ARM.Deploy.0 = Debug|Any CPU
		{BF37B68A-8303-4031-9A51-3EAEEBCAE69A}.Debug|iPhone.ActiveCfg = Debug|Any CPU
		{BF37B68A-8303-4031-9A51-3EAEEBCAE69A}.Debug|iPhone.Build.0 = Debug|Any CPU
		{BF37B68A-8303-4031-9A51-3EAEEBCAE69A}.Debug|iPhone.Deploy.0 = Debug|Any CPU
		{BF37B68A-8303-4031-9A51-3EAEEBCAE69A}.Debug|iPhoneSimulator.ActiveCfg = Debug|Any CPU
		{BF37B68A-8303-4031-9A51-3EAEEBCAE69A}.Debug|iPhoneSimulator.Build.0 = Debug|Any CPU
		{BF37B68A-8303-4031-9A51-3EAEEBCAE69A}.Debug|iPhoneSimulator.Deploy.0 = Debug|Any CPU
		{BF37B68A-8303-4031-9A51-3EAEEBCAE69A}.Debug|x64.ActiveCfg = Debug|Any CPU
		{BF37B68A-8303-4031-9A51-3EAEEBCAE69A}.Debug|x64.Build.0 = Debug|Any CPU
		{BF37B68A-8303-4031-9A51-3EAEEBCAE69A}.Debug|x64.Deploy.0 = Debug|Any CPU
		{BF37B68A-8303-4031-9A51-3EAEEBCAE69A}.Debug|x86.ActiveCfg = Debug|Any CPU
		{BF37B68A-8303-4031-9A51-3EAEEBCAE69A}.Debug|x86.Build.0 = Debug|Any CPU
		{BF37B68A-8303-4031-9A51-3EAEEBCAE69A}.Debug|x86.Deploy.0 = Debug|Any CPU
		{BF37B68A-8303-4031-9A51-3EAEEBCAE69A}.Release|Any CPU.ActiveCfg = Release|Any CPU
		{BF37B68A-8303-4031-9A51-3EAEEBCAE69A}.Release|Any CPU.Build.0 = Release|Any CPU
		{BF37B68A-8303-4031-9A51-3EAEEBCAE69A}.Release|Any CPU.Deploy.0 = Release|Any CPU
		{BF37B68A-8303-4031-9A51-3EAEEBCAE69A}.Release|ARM.ActiveCfg = Release|Any CPU
		{BF37B68A-8303-4031-9A51-3EAEEBCAE69A}.Release|ARM.Build.0 = Release|Any CPU
		{BF37B68A-8303-4031-9A51-3EAEEBCAE69A}.Release|ARM.Deploy.0 = Release|Any CPU
		{BF37B68A-8303-4031-9A51-3EAEEBCAE69A}.Release|iPhone.ActiveCfg = Release|Any CPU
		{BF37B68A-8303-4031-9A51-3EAEEBCAE69A}.Release|iPhone.Build.0 = Release|Any CPU
		{BF37B68A-8303-4031-9A51-3EAEEBCAE69A}.Release|iPhone.Deploy.0 = Release|Any CPU
		{BF37B68A-8303-4031-9A51-3EAEEBCAE69A}.Release|iPhoneSimulator.ActiveCfg = Release|Any CPU
		{BF37B68A-8303-4031-9A51-3EAEEBCAE69A}.Release|iPhoneSimulator.Build.0 = Release|Any CPU
		{BF37B68A-8303-4031-9A51-3EAEEBCAE69A}.Release|iPhoneSimulator.Deploy.0 = Release|Any CPU
		{BF37B68A-8303-4031-9A51-3EAEEBCAE69A}.Release|x64.ActiveCfg = Release|Any CPU
		{BF37B68A-8303-4031-9A51-3EAEEBCAE69A}.Release|x64.Build.0 = Release|Any CPU
		{BF37B68A-8303-4031-9A51-3EAEEBCAE69A}.Release|x64.Deploy.0 = Release|Any CPU
		{BF37B68A-8303-4031-9A51-3EAEEBCAE69A}.Release|x86.ActiveCfg = Release|Any CPU
		{BF37B68A-8303-4031-9A51-3EAEEBCAE69A}.Release|x86.Build.0 = Release|Any CPU
		{BF37B68A-8303-4031-9A51-3EAEEBCAE69A}.Release|x86.Deploy.0 = Release|Any CPU
		{2EE59A6D-10DB-48D5-8DB8-66A5BA3BA581}.Ad-Hoc|Any CPU.ActiveCfg = Ad-Hoc|iPhone
		{2EE59A6D-10DB-48D5-8DB8-66A5BA3BA581}.Ad-Hoc|Any CPU.Build.0 = Ad-Hoc|iPhone
		{2EE59A6D-10DB-48D5-8DB8-66A5BA3BA581}.Ad-Hoc|Any CPU.Deploy.0 = Ad-Hoc|iPhone
		{2EE59A6D-10DB-48D5-8DB8-66A5BA3BA581}.Ad-Hoc|ARM.ActiveCfg = Ad-Hoc|iPhone
		{2EE59A6D-10DB-48D5-8DB8-66A5BA3BA581}.Ad-Hoc|ARM.Build.0 = Ad-Hoc|iPhone
		{2EE59A6D-10DB-48D5-8DB8-66A5BA3BA581}.Ad-Hoc|ARM.Deploy.0 = Ad-Hoc|iPhone
		{2EE59A6D-10DB-48D5-8DB8-66A5BA3BA581}.Ad-Hoc|iPhone.ActiveCfg = Ad-Hoc|iPhone
		{2EE59A6D-10DB-48D5-8DB8-66A5BA3BA581}.Ad-Hoc|iPhone.Build.0 = Ad-Hoc|iPhone
		{2EE59A6D-10DB-48D5-8DB8-66A5BA3BA581}.Ad-Hoc|iPhone.Deploy.0 = Ad-Hoc|iPhone
		{2EE59A6D-10DB-48D5-8DB8-66A5BA3BA581}.Ad-Hoc|iPhoneSimulator.ActiveCfg = Ad-Hoc|iPhoneSimulator
		{2EE59A6D-10DB-48D5-8DB8-66A5BA3BA581}.Ad-Hoc|iPhoneSimulator.Build.0 = Ad-Hoc|iPhoneSimulator
		{2EE59A6D-10DB-48D5-8DB8-66A5BA3BA581}.Ad-Hoc|iPhoneSimulator.Deploy.0 = Ad-Hoc|iPhoneSimulator
		{2EE59A6D-10DB-48D5-8DB8-66A5BA3BA581}.Ad-Hoc|x64.ActiveCfg = Ad-Hoc|iPhone
		{2EE59A6D-10DB-48D5-8DB8-66A5BA3BA581}.Ad-Hoc|x64.Build.0 = Ad-Hoc|iPhone
		{2EE59A6D-10DB-48D5-8DB8-66A5BA3BA581}.Ad-Hoc|x64.Deploy.0 = Ad-Hoc|iPhone
		{2EE59A6D-10DB-48D5-8DB8-66A5BA3BA581}.Ad-Hoc|x86.ActiveCfg = Ad-Hoc|iPhone
		{2EE59A6D-10DB-48D5-8DB8-66A5BA3BA581}.Ad-Hoc|x86.Build.0 = Ad-Hoc|iPhone
		{2EE59A6D-10DB-48D5-8DB8-66A5BA3BA581}.Ad-Hoc|x86.Deploy.0 = Ad-Hoc|iPhone
		{2EE59A6D-10DB-48D5-8DB8-66A5BA3BA581}.AppStore|Any CPU.ActiveCfg = AppStore|iPhone
		{2EE59A6D-10DB-48D5-8DB8-66A5BA3BA581}.AppStore|Any CPU.Build.0 = AppStore|iPhone
		{2EE59A6D-10DB-48D5-8DB8-66A5BA3BA581}.AppStore|Any CPU.Deploy.0 = AppStore|iPhone
		{2EE59A6D-10DB-48D5-8DB8-66A5BA3BA581}.AppStore|ARM.ActiveCfg = AppStore|iPhone
		{2EE59A6D-10DB-48D5-8DB8-66A5BA3BA581}.AppStore|ARM.Build.0 = AppStore|iPhone
		{2EE59A6D-10DB-48D5-8DB8-66A5BA3BA581}.AppStore|ARM.Deploy.0 = AppStore|iPhone
		{2EE59A6D-10DB-48D5-8DB8-66A5BA3BA581}.AppStore|iPhone.ActiveCfg = AppStore|iPhone
		{2EE59A6D-10DB-48D5-8DB8-66A5BA3BA581}.AppStore|iPhone.Build.0 = AppStore|iPhone
		{2EE59A6D-10DB-48D5-8DB8-66A5BA3BA581}.AppStore|iPhone.Deploy.0 = AppStore|iPhone
		{2EE59A6D-10DB-48D5-8DB8-66A5BA3BA581}.AppStore|iPhoneSimulator.ActiveCfg = AppStore|iPhoneSimulator
		{2EE59A6D-10DB-48D5-8DB8-66A5BA3BA581}.AppStore|iPhoneSimulator.Build.0 = AppStore|iPhoneSimulator
		{2EE59A6D-10DB-48D5-8DB8-66A5BA3BA581}.AppStore|iPhoneSimulator.Deploy.0 = AppStore|iPhoneSimulator
		{2EE59A6D-10DB-48D5-8DB8-66A5BA3BA581}.AppStore|x64.ActiveCfg = AppStore|iPhone
		{2EE59A6D-10DB-48D5-8DB8-66A5BA3BA581}.AppStore|x64.Build.0 = AppStore|iPhone
		{2EE59A6D-10DB-48D5-8DB8-66A5BA3BA581}.AppStore|x64.Deploy.0 = AppStore|iPhone
		{2EE59A6D-10DB-48D5-8DB8-66A5BA3BA581}.AppStore|x86.ActiveCfg = AppStore|iPhone
		{2EE59A6D-10DB-48D5-8DB8-66A5BA3BA581}.AppStore|x86.Build.0 = AppStore|iPhone
		{2EE59A6D-10DB-48D5-8DB8-66A5BA3BA581}.AppStore|x86.Deploy.0 = AppStore|iPhone
		{2EE59A6D-10DB-48D5-8DB8-66A5BA3BA581}.Debug|Any CPU.ActiveCfg = Debug|iPhoneSimulator
		{2EE59A6D-10DB-48D5-8DB8-66A5BA3BA581}.Debug|Any CPU.Build.0 = Debug|iPhoneSimulator
		{2EE59A6D-10DB-48D5-8DB8-66A5BA3BA581}.Debug|Any CPU.Deploy.0 = Debug|iPhoneSimulator
		{2EE59A6D-10DB-48D5-8DB8-66A5BA3BA581}.Debug|ARM.ActiveCfg = Debug|iPhone
		{2EE59A6D-10DB-48D5-8DB8-66A5BA3BA581}.Debug|ARM.Build.0 = Debug|iPhone
		{2EE59A6D-10DB-48D5-8DB8-66A5BA3BA581}.Debug|ARM.Deploy.0 = Debug|iPhone
		{2EE59A6D-10DB-48D5-8DB8-66A5BA3BA581}.Debug|iPhone.ActiveCfg = Debug|iPhone
		{2EE59A6D-10DB-48D5-8DB8-66A5BA3BA581}.Debug|iPhone.Build.0 = Debug|iPhone
		{2EE59A6D-10DB-48D5-8DB8-66A5BA3BA581}.Debug|iPhone.Deploy.0 = Debug|iPhone
		{2EE59A6D-10DB-48D5-8DB8-66A5BA3BA581}.Debug|iPhoneSimulator.ActiveCfg = Debug|iPhoneSimulator
		{2EE59A6D-10DB-48D5-8DB8-66A5BA3BA581}.Debug|iPhoneSimulator.Build.0 = Debug|iPhoneSimulator
		{2EE59A6D-10DB-48D5-8DB8-66A5BA3BA581}.Debug|iPhoneSimulator.Deploy.0 = Debug|iPhoneSimulator
		{2EE59A6D-10DB-48D5-8DB8-66A5BA3BA581}.Debug|x64.ActiveCfg = Debug|iPhone
		{2EE59A6D-10DB-48D5-8DB8-66A5BA3BA581}.Debug|x64.Build.0 = Debug|iPhone
		{2EE59A6D-10DB-48D5-8DB8-66A5BA3BA581}.Debug|x64.Deploy.0 = Debug|iPhone
		{2EE59A6D-10DB-48D5-8DB8-66A5BA3BA581}.Debug|x86.ActiveCfg = Debug|iPhone
		{2EE59A6D-10DB-48D5-8DB8-66A5BA3BA581}.Debug|x86.Build.0 = Debug|iPhone
		{2EE59A6D-10DB-48D5-8DB8-66A5BA3BA581}.Debug|x86.Deploy.0 = Debug|iPhone
		{2EE59A6D-10DB-48D5-8DB8-66A5BA3BA581}.Release|Any CPU.ActiveCfg = Release|iPhone
		{2EE59A6D-10DB-48D5-8DB8-66A5BA3BA581}.Release|Any CPU.Build.0 = Release|iPhone
		{2EE59A6D-10DB-48D5-8DB8-66A5BA3BA581}.Release|Any CPU.Deploy.0 = Release|iPhone
		{2EE59A6D-10DB-48D5-8DB8-66A5BA3BA581}.Release|ARM.ActiveCfg = Release|iPhone
		{2EE59A6D-10DB-48D5-8DB8-66A5BA3BA581}.Release|ARM.Build.0 = Release|iPhone
		{2EE59A6D-10DB-48D5-8DB8-66A5BA3BA581}.Release|ARM.Deploy.0 = Release|iPhone
		{2EE59A6D-10DB-48D5-8DB8-66A5BA3BA581}.Release|iPhone.ActiveCfg = Release|iPhone
		{2EE59A6D-10DB-48D5-8DB8-66A5BA3BA581}.Release|iPhone.Build.0 = Release|iPhone
		{2EE59A6D-10DB-48D5-8DB8-66A5BA3BA581}.Release|iPhone.Deploy.0 = Release|iPhone
		{2EE59A6D-10DB-48D5-8DB8-66A5BA3BA581}.Release|iPhoneSimulator.ActiveCfg = Release|iPhoneSimulator
		{2EE59A6D-10DB-48D5-8DB8-66A5BA3BA581}.Release|iPhoneSimulator.Build.0 = Release|iPhoneSimulator
		{2EE59A6D-10DB-48D5-8DB8-66A5BA3BA581}.Release|iPhoneSimulator.Deploy.0 = Release|iPhoneSimulator
		{2EE59A6D-10DB-48D5-8DB8-66A5BA3BA581}.Release|x64.ActiveCfg = Release|iPhone
		{2EE59A6D-10DB-48D5-8DB8-66A5BA3BA581}.Release|x64.Build.0 = Release|iPhone
		{2EE59A6D-10DB-48D5-8DB8-66A5BA3BA581}.Release|x64.Deploy.0 = Release|iPhone
		{2EE59A6D-10DB-48D5-8DB8-66A5BA3BA581}.Release|x86.ActiveCfg = Release|iPhone
		{2EE59A6D-10DB-48D5-8DB8-66A5BA3BA581}.Release|x86.Build.0 = Release|iPhone
		{2EE59A6D-10DB-48D5-8DB8-66A5BA3BA581}.Release|x86.Deploy.0 = Release|iPhone
		{CE337A78-DDD7-487F-A210-BDEE3D4FB3A6}.Ad-Hoc|Any CPU.ActiveCfg = Release|x86
		{CE337A78-DDD7-487F-A210-BDEE3D4FB3A6}.Ad-Hoc|Any CPU.Build.0 = Release|x86
		{CE337A78-DDD7-487F-A210-BDEE3D4FB3A6}.Ad-Hoc|Any CPU.Deploy.0 = Release|x86
		{CE337A78-DDD7-487F-A210-BDEE3D4FB3A6}.Ad-Hoc|ARM.ActiveCfg = Release|ARM
		{CE337A78-DDD7-487F-A210-BDEE3D4FB3A6}.Ad-Hoc|ARM.Build.0 = Release|ARM
		{CE337A78-DDD7-487F-A210-BDEE3D4FB3A6}.Ad-Hoc|ARM.Deploy.0 = Release|ARM
		{CE337A78-DDD7-487F-A210-BDEE3D4FB3A6}.Ad-Hoc|iPhone.ActiveCfg = Release|x86
		{CE337A78-DDD7-487F-A210-BDEE3D4FB3A6}.Ad-Hoc|iPhone.Build.0 = Release|x86
		{CE337A78-DDD7-487F-A210-BDEE3D4FB3A6}.Ad-Hoc|iPhone.Deploy.0 = Release|x86
		{CE337A78-DDD7-487F-A210-BDEE3D4FB3A6}.Ad-Hoc|iPhoneSimulator.ActiveCfg = Release|x86
		{CE337A78-DDD7-487F-A210-BDEE3D4FB3A6}.Ad-Hoc|iPhoneSimulator.Build.0 = Release|x86
		{CE337A78-DDD7-487F-A210-BDEE3D4FB3A6}.Ad-Hoc|iPhoneSimulator.Deploy.0 = Release|x86
		{CE337A78-DDD7-487F-A210-BDEE3D4FB3A6}.Ad-Hoc|x64.ActiveCfg = Release|x64
		{CE337A78-DDD7-487F-A210-BDEE3D4FB3A6}.Ad-Hoc|x64.Build.0 = Release|x64
		{CE337A78-DDD7-487F-A210-BDEE3D4FB3A6}.Ad-Hoc|x64.Deploy.0 = Release|x64
		{CE337A78-DDD7-487F-A210-BDEE3D4FB3A6}.Ad-Hoc|x86.ActiveCfg = Release|x86
		{CE337A78-DDD7-487F-A210-BDEE3D4FB3A6}.Ad-Hoc|x86.Build.0 = Release|x86
		{CE337A78-DDD7-487F-A210-BDEE3D4FB3A6}.Ad-Hoc|x86.Deploy.0 = Release|x86
		{CE337A78-DDD7-487F-A210-BDEE3D4FB3A6}.AppStore|Any CPU.ActiveCfg = Release|x86
		{CE337A78-DDD7-487F-A210-BDEE3D4FB3A6}.AppStore|Any CPU.Build.0 = Release|x86
		{CE337A78-DDD7-487F-A210-BDEE3D4FB3A6}.AppStore|Any CPU.Deploy.0 = Release|x86
		{CE337A78-DDD7-487F-A210-BDEE3D4FB3A6}.AppStore|ARM.ActiveCfg = Release|ARM
		{CE337A78-DDD7-487F-A210-BDEE3D4FB3A6}.AppStore|ARM.Build.0 = Release|ARM
		{CE337A78-DDD7-487F-A210-BDEE3D4FB3A6}.AppStore|ARM.Deploy.0 = Release|ARM
		{CE337A78-DDD7-487F-A210-BDEE3D4FB3A6}.AppStore|iPhone.ActiveCfg = Release|x86
		{CE337A78-DDD7-487F-A210-BDEE3D4FB3A6}.AppStore|iPhone.Build.0 = Release|x86
		{CE337A78-DDD7-487F-A210-BDEE3D4FB3A6}.AppStore|iPhone.Deploy.0 = Release|x86
		{CE337A78-DDD7-487F-A210-BDEE3D4FB3A6}.AppStore|iPhoneSimulator.ActiveCfg = Release|x86
		{CE337A78-DDD7-487F-A210-BDEE3D4FB3A6}.AppStore|iPhoneSimulator.Build.0 = Release|x86
		{CE337A78-DDD7-487F-A210-BDEE3D4FB3A6}.AppStore|iPhoneSimulator.Deploy.0 = Release|x86
		{CE337A78-DDD7-487F-A210-BDEE3D4FB3A6}.AppStore|x64.ActiveCfg = Release|x64
		{CE337A78-DDD7-487F-A210-BDEE3D4FB3A6}.AppStore|x64.Build.0 = Release|x64
		{CE337A78-DDD7-487F-A210-BDEE3D4FB3A6}.AppStore|x64.Deploy.0 = Release|x64
		{CE337A78-DDD7-487F-A210-BDEE3D4FB3A6}.AppStore|x86.ActiveCfg = Release|x86
		{CE337A78-DDD7-487F-A210-BDEE3D4FB3A6}.AppStore|x86.Build.0 = Release|x86
		{CE337A78-DDD7-487F-A210-BDEE3D4FB3A6}.AppStore|x86.Deploy.0 = Release|x86
		{CE337A78-DDD7-487F-A210-BDEE3D4FB3A6}.Debug|Any CPU.ActiveCfg = Debug|x86
		{CE337A78-DDD7-487F-A210-BDEE3D4FB3A6}.Debug|Any CPU.Build.0 = Debug|x86
		{CE337A78-DDD7-487F-A210-BDEE3D4FB3A6}.Debug|Any CPU.Deploy.0 = Debug|x86
		{CE337A78-DDD7-487F-A210-BDEE3D4FB3A6}.Debug|ARM.ActiveCfg = Debug|ARM
		{CE337A78-DDD7-487F-A210-BDEE3D4FB3A6}.Debug|ARM.Build.0 = Debug|ARM
		{CE337A78-DDD7-487F-A210-BDEE3D4FB3A6}.Debug|ARM.Deploy.0 = Debug|ARM
		{CE337A78-DDD7-487F-A210-BDEE3D4FB3A6}.Debug|iPhone.ActiveCfg = Debug|x86
		{CE337A78-DDD7-487F-A210-BDEE3D4FB3A6}.Debug|iPhone.Build.0 = Debug|x86
		{CE337A78-DDD7-487F-A210-BDEE3D4FB3A6}.Debug|iPhone.Deploy.0 = Debug|x86
		{CE337A78-DDD7-487F-A210-BDEE3D4FB3A6}.Debug|iPhoneSimulator.ActiveCfg = Debug|x86
		{CE337A78-DDD7-487F-A210-BDEE3D4FB3A6}.Debug|iPhoneSimulator.Build.0 = Debug|x86
		{CE337A78-DDD7-487F-A210-BDEE3D4FB3A6}.Debug|iPhoneSimulator.Deploy.0 = Debug|x86
		{CE337A78-DDD7-487F-A210-BDEE3D4FB3A6}.Debug|x64.ActiveCfg = Debug|x64
		{CE337A78-DDD7-487F-A210-BDEE3D4FB3A6}.Debug|x64.Build.0 = Debug|x64
		{CE337A78-DDD7-487F-A210-BDEE3D4FB3A6}.Debug|x64.Deploy.0 = Debug|x64
		{CE337A78-DDD7-487F-A210-BDEE3D4FB3A6}.Debug|x86.ActiveCfg = Debug|x86
		{CE337A78-DDD7-487F-A210-BDEE3D4FB3A6}.Debug|x86.Build.0 = Debug|x86
		{CE337A78-DDD7-487F-A210-BDEE3D4FB3A6}.Debug|x86.Deploy.0 = Debug|x86
		{CE337A78-DDD7-487F-A210-BDEE3D4FB3A6}.Release|Any CPU.ActiveCfg = Release|x86
		{CE337A78-DDD7-487F-A210-BDEE3D4FB3A6}.Release|Any CPU.Build.0 = Release|x86
		{CE337A78-DDD7-487F-A210-BDEE3D4FB3A6}.Release|Any CPU.Deploy.0 = Release|x86
		{CE337A78-DDD7-487F-A210-BDEE3D4FB3A6}.Release|ARM.ActiveCfg = Release|ARM
		{CE337A78-DDD7-487F-A210-BDEE3D4FB3A6}.Release|ARM.Build.0 = Release|ARM
		{CE337A78-DDD7-487F-A210-BDEE3D4FB3A6}.Release|ARM.Deploy.0 = Release|ARM
		{CE337A78-DDD7-487F-A210-BDEE3D4FB3A6}.Release|iPhone.ActiveCfg = Release|x86
		{CE337A78-DDD7-487F-A210-BDEE3D4FB3A6}.Release|iPhone.Build.0 = Release|x86
		{CE337A78-DDD7-487F-A210-BDEE3D4FB3A6}.Release|iPhone.Deploy.0 = Release|x86
		{CE337A78-DDD7-487F-A210-BDEE3D4FB3A6}.Release|iPhoneSimulator.ActiveCfg = Release|x86
		{CE337A78-DDD7-487F-A210-BDEE3D4FB3A6}.Release|iPhoneSimulator.Build.0 = Release|x86
		{CE337A78-DDD7-487F-A210-BDEE3D4FB3A6}.Release|iPhoneSimulator.Deploy.0 = Release|x86
		{CE337A78-DDD7-487F-A210-BDEE3D4FB3A6}.Release|x64.ActiveCfg = Release|x64
		{CE337A78-DDD7-487F-A210-BDEE3D4FB3A6}.Release|x64.Build.0 = Release|x64
		{CE337A78-DDD7-487F-A210-BDEE3D4FB3A6}.Release|x64.Deploy.0 = Release|x64
		{CE337A78-DDD7-487F-A210-BDEE3D4FB3A6}.Release|x86.ActiveCfg = Release|x86
		{CE337A78-DDD7-487F-A210-BDEE3D4FB3A6}.Release|x86.Build.0 = Release|x86
		{CE337A78-DDD7-487F-A210-BDEE3D4FB3A6}.Release|x86.Deploy.0 = Release|x86
		{B93EF5D0-4023-45FE-A454-97C9C269C60F}.Ad-Hoc|Any CPU.ActiveCfg = Debug|Any CPU
		{B93EF5D0-4023-45FE-A454-97C9C269C60F}.Ad-Hoc|Any CPU.Build.0 = Debug|Any CPU
		{B93EF5D0-4023-45FE-A454-97C9C269C60F}.Ad-Hoc|Any CPU.Deploy.0 = Debug|Any CPU
		{B93EF5D0-4023-45FE-A454-97C9C269C60F}.Ad-Hoc|ARM.ActiveCfg = Debug|Any CPU
		{B93EF5D0-4023-45FE-A454-97C9C269C60F}.Ad-Hoc|ARM.Build.0 = Debug|Any CPU
		{B93EF5D0-4023-45FE-A454-97C9C269C60F}.Ad-Hoc|ARM.Deploy.0 = Debug|Any CPU
		{B93EF5D0-4023-45FE-A454-97C9C269C60F}.Ad-Hoc|iPhone.ActiveCfg = Debug|Any CPU
		{B93EF5D0-4023-45FE-A454-97C9C269C60F}.Ad-Hoc|iPhone.Build.0 = Debug|Any CPU
		{B93EF5D0-4023-45FE-A454-97C9C269C60F}.Ad-Hoc|iPhone.Deploy.0 = Debug|Any CPU
		{B93EF5D0-4023-45FE-A454-97C9C269C60F}.Ad-Hoc|iPhoneSimulator.ActiveCfg = Debug|Any CPU
		{B93EF5D0-4023-45FE-A454-97C9C269C60F}.Ad-Hoc|iPhoneSimulator.Build.0 = Debug|Any CPU
		{B93EF5D0-4023-45FE-A454-97C9C269C60F}.Ad-Hoc|iPhoneSimulator.Deploy.0 = Debug|Any CPU
		{B93EF5D0-4023-45FE-A454-97C9C269C60F}.Ad-Hoc|x64.ActiveCfg = Debug|Any CPU
		{B93EF5D0-4023-45FE-A454-97C9C269C60F}.Ad-Hoc|x64.Build.0 = Debug|Any CPU
		{B93EF5D0-4023-45FE-A454-97C9C269C60F}.Ad-Hoc|x64.Deploy.0 = Debug|Any CPU
		{B93EF5D0-4023-45FE-A454-97C9C269C60F}.Ad-Hoc|x86.ActiveCfg = Debug|Any CPU
		{B93EF5D0-4023-45FE-A454-97C9C269C60F}.Ad-Hoc|x86.Build.0 = Debug|Any CPU
		{B93EF5D0-4023-45FE-A454-97C9C269C60F}.Ad-Hoc|x86.Deploy.0 = Debug|Any CPU
		{B93EF5D0-4023-45FE-A454-97C9C269C60F}.AppStore|Any CPU.ActiveCfg = Debug|Any CPU
		{B93EF5D0-4023-45FE-A454-97C9C269C60F}.AppStore|Any CPU.Build.0 = Debug|Any CPU
		{B93EF5D0-4023-45FE-A454-97C9C269C60F}.AppStore|Any CPU.Deploy.0 = Debug|Any CPU
		{B93EF5D0-4023-45FE-A454-97C9C269C60F}.AppStore|ARM.ActiveCfg = Debug|Any CPU
		{B93EF5D0-4023-45FE-A454-97C9C269C60F}.AppStore|ARM.Build.0 = Debug|Any CPU
		{B93EF5D0-4023-45FE-A454-97C9C269C60F}.AppStore|ARM.Deploy.0 = Debug|Any CPU
		{B93EF5D0-4023-45FE-A454-97C9C269C60F}.AppStore|iPhone.ActiveCfg = Debug|Any CPU
		{B93EF5D0-4023-45FE-A454-97C9C269C60F}.AppStore|iPhone.Build.0 = Debug|Any CPU
		{B93EF5D0-4023-45FE-A454-97C9C269C60F}.AppStore|iPhone.Deploy.0 = Debug|Any CPU
		{B93EF5D0-4023-45FE-A454-97C9C269C60F}.AppStore|iPhoneSimulator.ActiveCfg = Debug|Any CPU
		{B93EF5D0-4023-45FE-A454-97C9C269C60F}.AppStore|iPhoneSimulator.Build.0 = Debug|Any CPU
		{B93EF5D0-4023-45FE-A454-97C9C269C60F}.AppStore|iPhoneSimulator.Deploy.0 = Debug|Any CPU
		{B93EF5D0-4023-45FE-A454-97C9C269C60F}.AppStore|x64.ActiveCfg = Debug|Any CPU
		{B93EF5D0-4023-45FE-A454-97C9C269C60F}.AppStore|x64.Build.0 = Debug|Any CPU
		{B93EF5D0-4023-45FE-A454-97C9C269C60F}.AppStore|x64.Deploy.0 = Debug|Any CPU
		{B93EF5D0-4023-45FE-A454-97C9C269C60F}.AppStore|x86.ActiveCfg = Debug|Any CPU
		{B93EF5D0-4023-45FE-A454-97C9C269C60F}.AppStore|x86.Build.0 = Debug|Any CPU
		{B93EF5D0-4023-45FE-A454-97C9C269C60F}.AppStore|x86.Deploy.0 = Debug|Any CPU
		{B93EF5D0-4023-45FE-A454-97C9C269C60F}.Debug|Any CPU.ActiveCfg = Debug|Any CPU
		{B93EF5D0-4023-45FE-A454-97C9C269C60F}.Debug|Any CPU.Build.0 = Debug|Any CPU
		{B93EF5D0-4023-45FE-A454-97C9C269C60F}.Debug|Any CPU.Deploy.0 = Debug|Any CPU
		{B93EF5D0-4023-45FE-A454-97C9C269C60F}.Debug|ARM.ActiveCfg = Debug|Any CPU
		{B93EF5D0-4023-45FE-A454-97C9C269C60F}.Debug|ARM.Build.0 = Debug|Any CPU
		{B93EF5D0-4023-45FE-A454-97C9C269C60F}.Debug|ARM.Deploy.0 = Debug|Any CPU
		{B93EF5D0-4023-45FE-A454-97C9C269C60F}.Debug|iPhone.ActiveCfg = Debug|Any CPU
		{B93EF5D0-4023-45FE-A454-97C9C269C60F}.Debug|iPhone.Build.0 = Debug|Any CPU
		{B93EF5D0-4023-45FE-A454-97C9C269C60F}.Debug|iPhone.Deploy.0 = Debug|Any CPU
		{B93EF5D0-4023-45FE-A454-97C9C269C60F}.Debug|iPhoneSimulator.ActiveCfg = Debug|Any CPU
		{B93EF5D0-4023-45FE-A454-97C9C269C60F}.Debug|iPhoneSimulator.Build.0 = Debug|Any CPU
		{B93EF5D0-4023-45FE-A454-97C9C269C60F}.Debug|iPhoneSimulator.Deploy.0 = Debug|Any CPU
		{B93EF5D0-4023-45FE-A454-97C9C269C60F}.Debug|x64.ActiveCfg = Debug|Any CPU
		{B93EF5D0-4023-45FE-A454-97C9C269C60F}.Debug|x64.Build.0 = Debug|Any CPU
		{B93EF5D0-4023-45FE-A454-97C9C269C60F}.Debug|x64.Deploy.0 = Debug|Any CPU
		{B93EF5D0-4023-45FE-A454-97C9C269C60F}.Debug|x86.ActiveCfg = Debug|Any CPU
		{B93EF5D0-4023-45FE-A454-97C9C269C60F}.Debug|x86.Build.0 = Debug|Any CPU
		{B93EF5D0-4023-45FE-A454-97C9C269C60F}.Debug|x86.Deploy.0 = Debug|Any CPU
		{B93EF5D0-4023-45FE-A454-97C9C269C60F}.Release|Any CPU.ActiveCfg = Release|Any CPU
		{B93EF5D0-4023-45FE-A454-97C9C269C60F}.Release|Any CPU.Build.0 = Release|Any CPU
		{B93EF5D0-4023-45FE-A454-97C9C269C60F}.Release|Any CPU.Deploy.0 = Release|Any CPU
		{B93EF5D0-4023-45FE-A454-97C9C269C60F}.Release|ARM.ActiveCfg = Release|Any CPU
		{B93EF5D0-4023-45FE-A454-97C9C269C60F}.Release|ARM.Build.0 = Release|Any CPU
		{B93EF5D0-4023-45FE-A454-97C9C269C60F}.Release|ARM.Deploy.0 = Release|Any CPU
		{B93EF5D0-4023-45FE-A454-97C9C269C60F}.Release|iPhone.ActiveCfg = Release|Any CPU
		{B93EF5D0-4023-45FE-A454-97C9C269C60F}.Release|iPhone.Build.0 = Release|Any CPU
		{B93EF5D0-4023-45FE-A454-97C9C269C60F}.Release|iPhone.Deploy.0 = Release|Any CPU
		{B93EF5D0-4023-45FE-A454-97C9C269C60F}.Release|iPhoneSimulator.ActiveCfg = Release|Any CPU
		{B93EF5D0-4023-45FE-A454-97C9C269C60F}.Release|iPhoneSimulator.Build.0 = Release|Any CPU
		{B93EF5D0-4023-45FE-A454-97C9C269C60F}.Release|iPhoneSimulator.Deploy.0 = Release|Any CPU
		{B93EF5D0-4023-45FE-A454-97C9C269C60F}.Release|x64.ActiveCfg = Release|Any CPU
		{B93EF5D0-4023-45FE-A454-97C9C269C60F}.Release|x64.Build.0 = Release|Any CPU
		{B93EF5D0-4023-45FE-A454-97C9C269C60F}.Release|x64.Deploy.0 = Release|Any CPU
		{B93EF5D0-4023-45FE-A454-97C9C269C60F}.Release|x86.ActiveCfg = Release|Any CPU
		{B93EF5D0-4023-45FE-A454-97C9C269C60F}.Release|x86.Build.0 = Release|Any CPU
		{B93EF5D0-4023-45FE-A454-97C9C269C60F}.Release|x86.Deploy.0 = Release|Any CPU
	EndGlobalSection
	GlobalSection(SolutionProperties) = preSolution
		HideSolutionNode = FALSE
	EndGlobalSection
	GlobalSection(ExtensibilityGlobals) = postSolution
		SolutionGuid = {63CBAFC8-7E97-474A-9908-10C92D4CBC81}
	EndGlobalSection
EndGlobal
